
Microsoft Visual Studio Solution File, Format Version 12.00
# Visual Studio Version 17
VisualStudioVersion = 17.14.36401.2
MinimumVisualStudioVersion = 10.0.40219.1
Project("{8BC9CEB8-8B4A-11D0-8D11-00A0C91BC942}") = "game", "src\game\game.vcxproj", "{09B5D756-D514-4CAC-997D-393B8B353522}"
EndProject
Project("{8BC9CEB8-8B4A-11D0-8D11-00A0C91BC942}") = "gamelib", "src\gamelib\gamelib.vcxproj", "{23D948CF-C455-4881-A64F-6A1E1C28F16F}"
EndProject
Project("{8BC9CEB8-8B4A-11D0-8D11-00A0C91BC942}") = "renderlib", "src\lynn\renderlib\renderlib.vcxproj", "{A7735413-AB28-4DBC-9C74-1B371CE6698C}"
EndProject
Project("{8BC9CEB8-8B4A-11D0-8D11-00A0C91BC942}") = "corelib", "src\lynn\corelib\corelib.vcxproj", "{E30B0E16-2FCF-48E7-9F28-68E3ABCA1810}"
EndProject
Project("{2150E333-8FDC-42A3-9474-1A3956D46DE8}") = "shared", "shared", "{02EA681E-C7D8-13C7-8484-4AC65E1B71E8}"
EndProject
Project("{8BC9CEB8-8B4A-11D0-8D11-00A0C91BC942}") = "audiolib", "src\lynn\audiolib\audiolib.vcxproj", "{811A5774-DCB1-43E8-9C2C-376D235D03DD}"
EndProject
Project("{8BC9CEB8-8B4A-11D0-8D11-00A0C91BC942}") = "assetlib", "src\lynn\assetlib\assetlib.vcxproj", "{CBDB1BED-AFD0-4CB8-980A-61583A687C0A}"
EndProject
Project("{8BC9CEB8-8B4A-11D0-8D11-00A0C91BC942}") = "physlib", "src\lynn\physlib\physlib.vcxproj", "{21F6A3E1-0C0D-4772-B367-6138FCE4EDF1}"
EndProject
Project("{8BC9CEB8-8B4A-11D0-8D11-00A0C91BC942}") = "audengine", "src\lynn\audengine\audengine.vcxproj", "{B21D0A22-E466-41E1-BBAF-116D4CEA9727}"
EndProject
Project("{8BC9CEB8-8B4A-11D0-8D11-00A0C91BC942}") = "util", "src\lynn\util\util.vcxproj", "{71E374C9-CC85-492E-8B90-4A012E8C8421}"
EndProject
Project("{8BC9CEB8-8B4A-11D0-8D11-00A0C91BC942}") = "imgui", "src\lynn\imgui\imgui.vcxproj", "{619D0933-7221-42C6-A440-B4818C7E60D8}"
EndProject
Project("{8BC9CEB8-8B4A-11D0-8D11-00A0C91BC942}") = "netlib", "src\lynn\netlib\netlib.vcxproj", "{441FA7C8-67F7-4F47-A9DF-99A973EC6208}"
EndProject
Project("{8BC9CEB8-8B4A-11D0-8D11-00A0C91BC942}") = "particlelib", "src\lynn\particlelib\particlelib.vcxproj", "{55FB6911-8EE4-4341-8B12-2EADB99D21C5}"
EndProject
Project("{8BC9CEB8-8B4A-11D0-8D11-00A0C91BC942}") = "boostlib", "src\lynn\boostlib\boostlib.vcxproj", "{9FE93498-E614-42FF-90DF-3DE897E796D4}"
EndProject
Project("{8BC9CEB8-8B4A-11D0-8D11-00A0C91BC942}") = "applib", "src\lynn\applib\applib.vcxproj", "{A80C5388-112E-4A4F-9E3B-CDAA46D413D9}"
EndProject
Project("{8BC9CEB8-8B4A-11D0-8D11-00A0C91BC942}") = "inputlib", "src\lynn\inputlib\inputlib.vcxproj", "{59D89EE1-0D94-4FEB-A438-7F99120EAED0}"
EndProject
Global
	GlobalSection(SolutionConfigurationPlatforms) = preSolution
		Debug|x64 = Debug|x64
		Release|x64 = Release|x64
	EndGlobalSection
	GlobalSection(ProjectConfigurationPlatforms) = postSolution
		{09B5D756-D514-4CAC-997D-393B8B353522}.Debug|x64.ActiveCfg = Debug|x64
		{09B5D756-D514-4CAC-997D-393B8B353522}.Debug|x64.Build.0 = Debug|x64
		{09B5D756-D514-4CAC-997D-393B8B353522}.Release|x64.ActiveCfg = Release|x64
		{09B5D756-D514-4CAC-997D-393B8B353522}.Release|x64.Build.0 = Release|x64
		{23D948CF-C455-4881-A64F-6A1E1C28F16F}.Debug|x64.ActiveCfg = Debug|x64
		{23D948CF-C455-4881-A64F-6A1E1C28F16F}.Debug|x64.Build.0 = Debug|x64
		{23D948CF-C455-4881-A64F-6A1E1C28F16F}.Release|x64.ActiveCfg = Release|x64
		{23D948CF-C455-4881-A64F-6A1E1C28F16F}.Release|x64.Build.0 = Release|x64
		{A7735413-AB28-4DBC-9C74-1B371CE6698C}.Debug|x64.ActiveCfg = Debug|x64
		{A7735413-AB28-4DBC-9C74-1B371CE6698C}.Debug|x64.Build.0 = Debug|x64
		{A7735413-AB28-4DBC-9C74-1B371CE6698C}.Release|x64.ActiveCfg = Release|x64
		{A7735413-AB28-4DBC-9C74-1B371CE6698C}.Release|x64.Build.0 = Release|x64
		{E30B0E16-2FCF-48E7-9F28-68E3ABCA1810}.Debug|x64.ActiveCfg = Debug|x64
		{E30B0E16-2FCF-48E7-9F28-68E3ABCA1810}.Debug|x64.Build.0 = Debug|x64
		{E30B0E16-2FCF-48E7-9F28-68E3ABCA1810}.Release|x64.ActiveCfg = Release|x64
		{E30B0E16-2FCF-48E7-9F28-68E3ABCA1810}.Release|x64.Build.0 = Release|x64
		{811A5774-DCB1-43E8-9C2C-376D235D03DD}.Debug|x64.ActiveCfg = Debug|x64
		{811A5774-DCB1-43E8-9C2C-376D235D03DD}.Debug|x64.Build.0 = Debug|x64
		{811A5774-DCB1-43E8-9C2C-376D235D03DD}.Release|x64.ActiveCfg = Release|x64
		{811A5774-DCB1-43E8-9C2C-376D235D03DD}.Release|x64.Build.0 = Release|x64
		{CBDB1BED-AFD0-4CB8-980A-61583A687C0A}.Debug|x64.ActiveCfg = Debug|x64
		{CBDB1BED-AFD0-4CB8-980A-61583A687C0A}.Debug|x64.Build.0 = Debug|x64
		{CBDB1BED-AFD0-4CB8-980A-61583A687C0A}.Release|x64.ActiveCfg = Release|x64
		{CBDB1BED-AFD0-4CB8-980A-61583A687C0A}.Release|x64.Build.0 = Release|x64
		{21F6A3E1-0C0D-4772-B367-6138FCE4EDF1}.Debug|x64.ActiveCfg = Debug|x64
		{21F6A3E1-0C0D-4772-B367-6138FCE4EDF1}.Debug|x64.Build.0 = Debug|x64
		{21F6A3E1-0C0D-4772-B367-6138FCE4EDF1}.Release|x64.ActiveCfg = Release|x64
		{21F6A3E1-0C0D-4772-B367-6138FCE4EDF1}.Release|x64.Build.0 = Release|x64
		{B21D0A22-E466-41E1-BBAF-116D4CEA9727}.Debug|x64.ActiveCfg = Debug|x64
		{B21D0A22-E466-41E1-BBAF-116D4CEA9727}.Debug|x64.Build.0 = Debug|x64
		{B21D0A22-E466-41E1-BBAF-116D4CEA9727}.Release|x64.ActiveCfg = Release|x64
		{B21D0A22-E466-41E1-BBAF-116D4CEA9727}.Release|x64.Build.0 = Release|x64
		{71E374C9-CC85-492E-8B90-4A012E8C8421}.Debug|x64.ActiveCfg = Debug|x64
		{71E374C9-CC85-492E-8B90-4A012E8C8421}.Debug|x64.Build.0 = Debug|x64
		{71E374C9-CC85-492E-8B90-4A012E8C8421}.Release|x64.ActiveCfg = Release|x64
		{71E374C9-CC85-492E-8B90-4A012E8C8421}.Release|x64.Build.0 = Release|x64
		{619D0933-7221-42C6-A440-B4818C7E60D8}.Debug|x64.ActiveCfg = Debug|x64
		{619D0933-7221-42C6-A440-B4818C7E60D8}.Debug|x64.Build.0 = Debug|x64
		{619D0933-7221-42C6-A440-B4818C7E60D8}.Release|x64.ActiveCfg = Release|x64
		{619D0933-7221-42C6-A440-B4818C7E60D8}.Release|x64.Build.0 = Release|x64
		{441FA7C8-67F7-4F47-A9DF-99A973EC6208}.Debug|x64.ActiveCfg = Debug|x64
		{441FA7C8-67F7-4F47-A9DF-99A973EC6208}.Debug|x64.Build.0 = Debug|x64
		{441FA7C8-67F7-4F47-A9DF-99A973EC6208}.Release|x64.ActiveCfg = Release|x64
		{441FA7C8-67F7-4F47-A9DF-99A973EC6208}.Release|x64.Build.0 = Release|x64
		{55FB6911-8EE4-4341-8B12-2EADB99D21C5}.Debug|x64.ActiveCfg = Debug|x64
		{55FB6911-8EE4-4341-8B12-2EADB99D21C5}.Debug|x64.Build.0 = Debug|x64
		{55FB6911-8EE4-4341-8B12-2EADB99D21C5}.Release|x64.ActiveCfg = Release|x64
		{55FB6911-8EE4-4341-8B12-2EADB99D21C5}.Release|x64.Build.0 = Release|x64
		{9FE93498-E614-42FF-90DF-3DE897E796D4}.Debug|x64.ActiveCfg = Debug|x64
		{9FE93498-E614-42FF-90DF-3DE897E796D4}.Debug|x64.Build.0 = Debug|x64
		{9FE93498-E614-42FF-90DF-3DE897E796D4}.Release|x64.ActiveCfg = Release|x64
		{9FE93498-E614-42FF-90DF-3DE897E796D4}.Release|x64.Build.0 = Release|x64
		{A80C5388-112E-4A4F-9E3B-CDAA46D413D9}.Debug|x64.ActiveCfg = Debug|x64
		{A80C5388-112E-4A4F-9E3B-CDAA46D413D9}.Debug|x64.Build.0 = Debug|x64
		{A80C5388-112E-4A4F-9E3B-CDAA46D413D9}.Release|x64.ActiveCfg = Release|x64
		{A80C5388-112E-4A4F-9E3B-CDAA46D413D9}.Release|x64.Build.0 = Release|x64
		{59D89EE1-0D94-4FEB-A438-7F99120EAED0}.Debug|x64.ActiveCfg = Debug|x64
		{59D89EE1-0D94-4FEB-A438-7F99120EAED0}.Debug|x64.Build.0 = Debug|x64
		{59D89EE1-0D94-4FEB-A438-7F99120EAED0}.Release|x64.ActiveCfg = Release|x64
		{59D89EE1-0D94-4FEB-A438-7F99120EAED0}.Release|x64.Build.0 = Release|x64
	EndGlobalSection
	GlobalSection(SolutionProperties) = preSolution
		HideSolutionNode = FALSE
	EndGlobalSection
	GlobalSection(NestedProjects) = preSolution
		{A7735413-AB28-4DBC-9C74-1B371CE6698C} = {02EA681E-C7D8-13C7-8484-4AC65E1B71E8}
		{E30B0E16-2FCF-48E7-9F28-68E3ABCA1810} = {02EA681E-C7D8-13C7-8484-4AC65E1B71E8}
		{811A5774-DCB1-43E8-9C2C-376D235D03DD} = {02EA681E-C7D8-13C7-8484-4AC65E1B71E8}
		{CBDB1BED-AFD0-4CB8-980A-61583A687C0A} = {02EA681E-C7D8-13C7-8484-4AC65E1B71E8}
		{21F6A3E1-0C0D-4772-B367-6138FCE4EDF1} = {02EA681E-C7D8-13C7-8484-4AC65E1B71E8}
		{B21D0A22-E466-41E1-BBAF-116D4CEA9727} = {02EA681E-C7D8-13C7-8484-4AC65E1B71E8}
		{71E374C9-CC85-492E-8B90-4A012E8C8421} = {02EA681E-C7D8-13C7-8484-4AC65E1B71E8}
		{619D0933-7221-42C6-A440-B4818C7E60D8} = {02EA681E-C7D8-13C7-8484-4AC65E1B71E8}
		{441FA7C8-67F7-4F47-A9DF-99A973EC6208} = {02EA681E-C7D8-13C7-8484-4AC65E1B71E8}
		{55FB6911-8EE4-4341-8B12-2EADB99D21C5} = {02EA681E-C7D8-13C7-8484-4AC65E1B71E8}
		{9FE93498-E614-42FF-90DF-3DE897E796D4} = {02EA681E-C7D8-13C7-8484-4AC65E1B71E8}
		{A80C5388-112E-4A4F-9E3B-CDAA46D413D9} = {02EA681E-C7D8-13C7-8484-4AC65E1B71E8}
		{59D89EE1-0D94-4FEB-A438-7F99120EAED0} = {02EA681E-C7D8-13C7-8484-4AC65E1B71E8}
	EndGlobalSection
	GlobalSection(ExtensibilityGlobals) = postSolution
		SolutionGuid = {02C39606-B82C-467D-8C84-AA1D6D245464}
	EndGlobalSection
EndGlobal
