
Microsoft Visual Studio Solution File, Format Version 12.00
# Visual Studio Version 17
VisualStudioVersion = 17.14.36414.22
MinimumVisualStudioVersion = 10.0.40219.1
Project("{8BC9CEB8-8B4A-11D0-8D11-00A0C91BC942}") = "game", "src\vs-project\game\game.vcxproj", "{7D4BD9B3-BCB4-489B-A2A7-D6EAA8E25B32}"
EndProject
Project("{8BC9CEB8-8B4A-11D0-8D11-00A0C91BC942}") = "app", "src\vs-project\app\app.vcxproj", "{534F08B1-8DF4-4A2C-A37A-EEC2B1BA1474}"
EndProject
Project("{8BC9CEB8-8B4A-11D0-8D11-00A0C91BC942}") = "corelib", "shared\src\vs-project\corelib\corelib.vcxproj", "{42D58646-C430-4806-8063-84CC0DA5E5E0}"
EndProject
Project("{8BC9CEB8-8B4A-11D0-8D11-00A0C91BC942}") = "particlelib", "shared\src\vs-project\particlelib\particlelib.vcxproj", "{13322053-9930-4929-8900-88BB93940D83}"
EndProject
Project("{8BC9CEB8-8B4A-11D0-8D11-00A0C91BC942}") = "file", "shared\src\vs-project\file\file.vcxproj", "{961A2BAF-6C92-468C-B9B9-7D1615907604}"
EndProject
Project("{8BC9CEB8-8B4A-11D0-8D11-00A0C91BC942}") = "renderlib", "shared\src\vs-project\renderlib\renderlib.vcxproj", "{D9D8AAFB-E0F4-49C0-BAB7-E440DEAC9E37}"
EndProject
Project("{8BC9CEB8-8B4A-11D0-8D11-00A0C91BC942}") = "fwgame", "shared\src\vs-project\fwgame\fwgame.vcxproj", "{8C65F706-8AD1-4BAA-A860-06AA52AE20CB}"
EndProject
Project("{8BC9CEB8-8B4A-11D0-8D11-00A0C91BC942}") = "fwapp", "shared\src\vs-project\fwapp\fwapp.vcxproj", "{9EBD63AB-05A9-4BE1-BBB9-62E31DC3B426}"
EndProject
Project("{8BC9CEB8-8B4A-11D0-8D11-00A0C91BC942}") = "debuglib", "shared\src\vs-project\debuglib\debuglib.vcxproj", "{7F901FAB-A1B9-4A31-A44A-10D2FFBEB0C7}"
EndProject
Project("{8BC9CEB8-8B4A-11D0-8D11-00A0C91BC942}") = "imgui", "shared\src\vs-project\imgui\imgui.vcxproj", "{E0B010B0-F919-45F3-9947-5E0BCCE517F3}"
EndProject
Project("{8BC9CEB8-8B4A-11D0-8D11-00A0C91BC942}") = "mathlib", "shared\src\vs-project\mathlib\mathlib.vcxproj", "{99DB85EE-EA4B-4344-93C9-BCF60F605DBE}"
EndProject
Project("{2150E333-8FDC-42A3-9474-1A3956D46DE8}") = "shared", "shared", "{02EA681E-C7D8-13C7-8484-4AC65E1B71E8}"
EndProject
Project("{8BC9CEB8-8B4A-11D0-8D11-00A0C91BC942}") = "physicslib", "shared\src\vs-project\physicslib\physicslib.vcxproj", "{FC6CB14A-38CD-46F6-8F69-066214ECF740}"
EndProject
Project("{8BC9CEB8-8B4A-11D0-8D11-00A0C91BC942}") = "audiolib", "shared\src\vs-project\audiolib\audiolib.vcxproj", "{2EC84750-DA32-4468-81E9-F9B0F1FCC7DA}"
EndProject
Project("{8BC9CEB8-8B4A-11D0-8D11-00A0C91BC942}") = "assetlib", "shared\src\vs-project\assetlib\assetlib.vcxproj", "{EC2438F3-EC8E-4770-8C84-71B30FF1EBD1}"
EndProject
Project("{8BC9CEB8-8B4A-11D0-8D11-00A0C91BC942}") = "geolib", "shared\src\vs-project\geolib\geolib.vcxproj", "{8B33ECAA-AD9E-42CC-8633-1F3FD97E13D5}"
EndProject
Project("{8BC9CEB8-8B4A-11D0-8D11-00A0C91BC942}") = "shaderlib", "shared\src\vs-project\shaderlib\shaderlib.vcxproj", "{E7BF2B49-43D4-4020-ADB1-F3FA194B9A30}"
EndProject
Project("{2150E333-8FDC-42A3-9474-1A3956D46DE8}") = "templates", "templates", "{CB408CAC-CA5C-4B31-A6AF-D630AD27A6AA}"
EndProject
Project("{8BC9CEB8-8B4A-11D0-8D11-00A0C91BC942}") = "template-project", "shared\src\vs-project\template-project\template-project.vcxproj", "{2455A148-5602-41C2-94CD-C0516E46578B}"
EndProject
Global
	GlobalSection(SolutionConfigurationPlatforms) = preSolution
		Debug|x64 = Debug|x64
		Debug|x86 = Debug|x86
		Release|x64 = Release|x64
		Release|x86 = Release|x86
	EndGlobalSection
	GlobalSection(ProjectConfigurationPlatforms) = postSolution
		{7D4BD9B3-BCB4-489B-A2A7-D6EAA8E25B32}.Debug|x64.ActiveCfg = Debug|x64
		{7D4BD9B3-BCB4-489B-A2A7-D6EAA8E25B32}.Debug|x64.Build.0 = Debug|x64
		{7D4BD9B3-BCB4-489B-A2A7-D6EAA8E25B32}.Debug|x86.ActiveCfg = Debug|Win32
		{7D4BD9B3-BCB4-489B-A2A7-D6EAA8E25B32}.Debug|x86.Build.0 = Debug|Win32
		{7D4BD9B3-BCB4-489B-A2A7-D6EAA8E25B32}.Release|x64.ActiveCfg = Release|x64
		{7D4BD9B3-BCB4-489B-A2A7-D6EAA8E25B32}.Release|x64.Build.0 = Release|x64
		{7D4BD9B3-BCB4-489B-A2A7-D6EAA8E25B32}.Release|x86.ActiveCfg = Release|Win32
		{7D4BD9B3-BCB4-489B-A2A7-D6EAA8E25B32}.Release|x86.Build.0 = Release|Win32
		{534F08B1-8DF4-4A2C-A37A-EEC2B1BA1474}.Debug|x64.ActiveCfg = Debug|x64
		{534F08B1-8DF4-4A2C-A37A-EEC2B1BA1474}.Debug|x64.Build.0 = Debug|x64
		{534F08B1-8DF4-4A2C-A37A-EEC2B1BA1474}.Debug|x86.ActiveCfg = Debug|Win32
		{534F08B1-8DF4-4A2C-A37A-EEC2B1BA1474}.Debug|x86.Build.0 = Debug|Win32
		{534F08B1-8DF4-4A2C-A37A-EEC2B1BA1474}.Release|x64.ActiveCfg = Release|x64
		{534F08B1-8DF4-4A2C-A37A-EEC2B1BA1474}.Release|x64.Build.0 = Release|x64
		{534F08B1-8DF4-4A2C-A37A-EEC2B1BA1474}.Release|x86.ActiveCfg = Release|Win32
		{534F08B1-8DF4-4A2C-A37A-EEC2B1BA1474}.Release|x86.Build.0 = Release|Win32
		{42D58646-C430-4806-8063-84CC0DA5E5E0}.Debug|x64.ActiveCfg = Debug|x64
		{42D58646-C430-4806-8063-84CC0DA5E5E0}.Debug|x64.Build.0 = Debug|x64
		{42D58646-C430-4806-8063-84CC0DA5E5E0}.Debug|x86.ActiveCfg = Debug|Win32
		{42D58646-C430-4806-8063-84CC0DA5E5E0}.Debug|x86.Build.0 = Debug|Win32
		{42D58646-C430-4806-8063-84CC0DA5E5E0}.Release|x64.ActiveCfg = Release|x64
		{42D58646-C430-4806-8063-84CC0DA5E5E0}.Release|x64.Build.0 = Release|x64
		{42D58646-C430-4806-8063-84CC0DA5E5E0}.Release|x86.ActiveCfg = Release|Win32
		{42D58646-C430-4806-8063-84CC0DA5E5E0}.Release|x86.Build.0 = Release|Win32
		{13322053-9930-4929-8900-88BB93940D83}.Debug|x64.ActiveCfg = Debug|x64
		{13322053-9930-4929-8900-88BB93940D83}.Debug|x64.Build.0 = Debug|x64
		{13322053-9930-4929-8900-88BB93940D83}.Debug|x86.ActiveCfg = Debug|Win32
		{13322053-9930-4929-8900-88BB93940D83}.Debug|x86.Build.0 = Debug|Win32
		{13322053-9930-4929-8900-88BB93940D83}.Release|x64.ActiveCfg = Release|x64
		{13322053-9930-4929-8900-88BB93940D83}.Release|x64.Build.0 = Release|x64
		{13322053-9930-4929-8900-88BB93940D83}.Release|x86.ActiveCfg = Release|Win32
		{13322053-9930-4929-8900-88BB93940D83}.Release|x86.Build.0 = Release|Win32
		{961A2BAF-6C92-468C-B9B9-7D1615907604}.Debug|x64.ActiveCfg = Debug|x64
		{961A2BAF-6C92-468C-B9B9-7D1615907604}.Debug|x64.Build.0 = Debug|x64
		{961A2BAF-6C92-468C-B9B9-7D1615907604}.Debug|x86.ActiveCfg = Debug|Win32
		{961A2BAF-6C92-468C-B9B9-7D1615907604}.Debug|x86.Build.0 = Debug|Win32
		{961A2BAF-6C92-468C-B9B9-7D1615907604}.Release|x64.ActiveCfg = Release|x64
		{961A2BAF-6C92-468C-B9B9-7D1615907604}.Release|x64.Build.0 = Release|x64
		{961A2BAF-6C92-468C-B9B9-7D1615907604}.Release|x86.ActiveCfg = Release|Win32
		{961A2BAF-6C92-468C-B9B9-7D1615907604}.Release|x86.Build.0 = Release|Win32
		{D9D8AAFB-E0F4-49C0-BAB7-E440DEAC9E37}.Debug|x64.ActiveCfg = Debug|x64
		{D9D8AAFB-E0F4-49C0-BAB7-E440DEAC9E37}.Debug|x64.Build.0 = Debug|x64
		{D9D8AAFB-E0F4-49C0-BAB7-E440DEAC9E37}.Debug|x86.ActiveCfg = Debug|Win32
		{D9D8AAFB-E0F4-49C0-BAB7-E440DEAC9E37}.Debug|x86.Build.0 = Debug|Win32
		{D9D8AAFB-E0F4-49C0-BAB7-E440DEAC9E37}.Release|x64.ActiveCfg = Release|x64
		{D9D8AAFB-E0F4-49C0-BAB7-E440DEAC9E37}.Release|x64.Build.0 = Release|x64
		{D9D8AAFB-E0F4-49C0-BAB7-E440DEAC9E37}.Release|x86.ActiveCfg = Release|Win32
		{D9D8AAFB-E0F4-49C0-BAB7-E440DEAC9E37}.Release|x86.Build.0 = Release|Win32
		{8C65F706-8AD1-4BAA-A860-06AA52AE20CB}.Debug|x64.ActiveCfg = Debug|x64
		{8C65F706-8AD1-4BAA-A860-06AA52AE20CB}.Debug|x64.Build.0 = Debug|x64
		{8C65F706-8AD1-4BAA-A860-06AA52AE20CB}.Debug|x86.ActiveCfg = Debug|Win32
		{8C65F706-8AD1-4BAA-A860-06AA52AE20CB}.Debug|x86.Build.0 = Debug|Win32
		{8C65F706-8AD1-4BAA-A860-06AA52AE20CB}.Release|x64.ActiveCfg = Release|x64
		{8C65F706-8AD1-4BAA-A860-06AA52AE20CB}.Release|x64.Build.0 = Release|x64
		{8C65F706-8AD1-4BAA-A860-06AA52AE20CB}.Release|x86.ActiveCfg = Release|Win32
		{8C65F706-8AD1-4BAA-A860-06AA52AE20CB}.Release|x86.Build.0 = Release|Win32
		{9EBD63AB-05A9-4BE1-BBB9-62E31DC3B426}.Debug|x64.ActiveCfg = Debug|x64
		{9EBD63AB-05A9-4BE1-BBB9-62E31DC3B426}.Debug|x64.Build.0 = Debug|x64
		{9EBD63AB-05A9-4BE1-BBB9-62E31DC3B426}.Debug|x86.ActiveCfg = Debug|Win32
		{9EBD63AB-05A9-4BE1-BBB9-62E31DC3B426}.Debug|x86.Build.0 = Debug|Win32
		{9EBD63AB-05A9-4BE1-BBB9-62E31DC3B426}.Release|x64.ActiveCfg = Release|x64
		{9EBD63AB-05A9-4BE1-BBB9-62E31DC3B426}.Release|x64.Build.0 = Release|x64
		{9EBD63AB-05A9-4BE1-BBB9-62E31DC3B426}.Release|x86.ActiveCfg = Release|Win32
		{9EBD63AB-05A9-4BE1-BBB9-62E31DC3B426}.Release|x86.Build.0 = Release|Win32
		{7F901FAB-A1B9-4A31-A44A-10D2FFBEB0C7}.Debug|x64.ActiveCfg = Debug|x64
		{7F901FAB-A1B9-4A31-A44A-10D2FFBEB0C7}.Debug|x64.Build.0 = Debug|x64
		{7F901FAB-A1B9-4A31-A44A-10D2FFBEB0C7}.Debug|x86.ActiveCfg = Debug|Win32
		{7F901FAB-A1B9-4A31-A44A-10D2FFBEB0C7}.Debug|x86.Build.0 = Debug|Win32
		{7F901FAB-A1B9-4A31-A44A-10D2FFBEB0C7}.Release|x64.ActiveCfg = Release|x64
		{7F901FAB-A1B9-4A31-A44A-10D2FFBEB0C7}.Release|x64.Build.0 = Release|x64
		{7F901FAB-A1B9-4A31-A44A-10D2FFBEB0C7}.Release|x86.ActiveCfg = Release|Win32
		{7F901FAB-A1B9-4A31-A44A-10D2FFBEB0C7}.Release|x86.Build.0 = Release|Win32
		{E0B010B0-F919-45F3-9947-5E0BCCE517F3}.Debug|x64.ActiveCfg = Debug|x64
		{E0B010B0-F919-45F3-9947-5E0BCCE517F3}.Debug|x64.Build.0 = Debug|x64
		{E0B010B0-F919-45F3-9947-5E0BCCE517F3}.Debug|x86.ActiveCfg = Debug|Win32
		{E0B010B0-F919-45F3-9947-5E0BCCE517F3}.Debug|x86.Build.0 = Debug|Win32
		{E0B010B0-F919-45F3-9947-5E0BCCE517F3}.Release|x64.ActiveCfg = Release|x64
		{E0B010B0-F919-45F3-9947-5E0BCCE517F3}.Release|x64.Build.0 = Release|x64
		{E0B010B0-F919-45F3-9947-5E0BCCE517F3}.Release|x86.ActiveCfg = Release|Win32
		{E0B010B0-F919-45F3-9947-5E0BCCE517F3}.Release|x86.Build.0 = Release|Win32
		{99DB85EE-EA4B-4344-93C9-BCF60F605DBE}.Debug|x64.ActiveCfg = Debug|x64
		{99DB85EE-EA4B-4344-93C9-BCF60F605DBE}.Debug|x64.Build.0 = Debug|x64
		{99DB85EE-EA4B-4344-93C9-BCF60F605DBE}.Debug|x86.ActiveCfg = Debug|Win32
		{99DB85EE-EA4B-4344-93C9-BCF60F605DBE}.Debug|x86.Build.0 = Debug|Win32
		{99DB85EE-EA4B-4344-93C9-BCF60F605DBE}.Release|x64.ActiveCfg = Release|x64
		{99DB85EE-EA4B-4344-93C9-BCF60F605DBE}.Release|x64.Build.0 = Release|x64
		{99DB85EE-EA4B-4344-93C9-BCF60F605DBE}.Release|x86.ActiveCfg = Release|Win32
		{99DB85EE-EA4B-4344-93C9-BCF60F605DBE}.Release|x86.Build.0 = Release|Win32
		{FC6CB14A-38CD-46F6-8F69-066214ECF740}.Debug|x64.ActiveCfg = Debug|x64
		{FC6CB14A-38CD-46F6-8F69-066214ECF740}.Debug|x64.Build.0 = Debug|x64
		{FC6CB14A-38CD-46F6-8F69-066214ECF740}.Debug|x86.ActiveCfg = Debug|Win32
		{FC6CB14A-38CD-46F6-8F69-066214ECF740}.Debug|x86.Build.0 = Debug|Win32
		{FC6CB14A-38CD-46F6-8F69-066214ECF740}.Release|x64.ActiveCfg = Release|x64
		{FC6CB14A-38CD-46F6-8F69-066214ECF740}.Release|x64.Build.0 = Release|x64
		{FC6CB14A-38CD-46F6-8F69-066214ECF740}.Release|x86.ActiveCfg = Release|Win32
		{FC6CB14A-38CD-46F6-8F69-066214ECF740}.Release|x86.Build.0 = Release|Win32
		{2EC84750-DA32-4468-81E9-F9B0F1FCC7DA}.Debug|x64.ActiveCfg = Debug|x64
		{2EC84750-DA32-4468-81E9-F9B0F1FCC7DA}.Debug|x64.Build.0 = Debug|x64
		{2EC84750-DA32-4468-81E9-F9B0F1FCC7DA}.Debug|x86.ActiveCfg = Debug|Win32
		{2EC84750-DA32-4468-81E9-F9B0F1FCC7DA}.Debug|x86.Build.0 = Debug|Win32
		{2EC84750-DA32-4468-81E9-F9B0F1FCC7DA}.Release|x64.ActiveCfg = Release|x64
		{2EC84750-DA32-4468-81E9-F9B0F1FCC7DA}.Release|x64.Build.0 = Release|x64
		{2EC84750-DA32-4468-81E9-F9B0F1FCC7DA}.Release|x86.ActiveCfg = Release|Win32
		{2EC84750-DA32-4468-81E9-F9B0F1FCC7DA}.Release|x86.Build.0 = Release|Win32
		{EC2438F3-EC8E-4770-8C84-71B30FF1EBD1}.Debug|x64.ActiveCfg = Debug|x64
		{EC2438F3-EC8E-4770-8C84-71B30FF1EBD1}.Debug|x64.Build.0 = Debug|x64
		{EC2438F3-EC8E-4770-8C84-71B30FF1EBD1}.Debug|x86.ActiveCfg = Debug|Win32
		{EC2438F3-EC8E-4770-8C84-71B30FF1EBD1}.Debug|x86.Build.0 = Debug|Win32
		{EC2438F3-EC8E-4770-8C84-71B30FF1EBD1}.Release|x64.ActiveCfg = Release|x64
		{EC2438F3-EC8E-4770-8C84-71B30FF1EBD1}.Release|x64.Build.0 = Release|x64
		{EC2438F3-EC8E-4770-8C84-71B30FF1EBD1}.Release|x86.ActiveCfg = Release|Win32
		{EC2438F3-EC8E-4770-8C84-71B30FF1EBD1}.Release|x86.Build.0 = Release|Win32
		{8B33ECAA-AD9E-42CC-8633-1F3FD97E13D5}.Debug|x64.ActiveCfg = Debug|x64
		{8B33ECAA-AD9E-42CC-8633-1F3FD97E13D5}.Debug|x64.Build.0 = Debug|x64
		{8B33ECAA-AD9E-42CC-8633-1F3FD97E13D5}.Debug|x86.ActiveCfg = Debug|Win32
		{8B33ECAA-AD9E-42CC-8633-1F3FD97E13D5}.Debug|x86.Build.0 = Debug|Win32
		{8B33ECAA-AD9E-42CC-8633-1F3FD97E13D5}.Release|x64.ActiveCfg = Release|x64
		{8B33ECAA-AD9E-42CC-8633-1F3FD97E13D5}.Release|x64.Build.0 = Release|x64
		{8B33ECAA-AD9E-42CC-8633-1F3FD97E13D5}.Release|x86.ActiveCfg = Release|Win32
		{8B33ECAA-AD9E-42CC-8633-1F3FD97E13D5}.Release|x86.Build.0 = Release|Win32
		{E7BF2B49-43D4-4020-ADB1-F3FA194B9A30}.Debug|x64.ActiveCfg = Debug|x64
		{E7BF2B49-43D4-4020-ADB1-F3FA194B9A30}.Debug|x64.Build.0 = Debug|x64
		{E7BF2B49-43D4-4020-ADB1-F3FA194B9A30}.Debug|x86.ActiveCfg = Debug|Win32
		{E7BF2B49-43D4-4020-ADB1-F3FA194B9A30}.Debug|x86.Build.0 = Debug|Win32
		{E7BF2B49-43D4-4020-ADB1-F3FA194B9A30}.Release|x64.ActiveCfg = Release|x64
		{E7BF2B49-43D4-4020-ADB1-F3FA194B9A30}.Release|x64.Build.0 = Release|x64
		{E7BF2B49-43D4-4020-ADB1-F3FA194B9A30}.Release|x86.ActiveCfg = Release|Win32
		{E7BF2B49-43D4-4020-ADB1-F3FA194B9A30}.Release|x86.Build.0 = Release|Win32
		{2455A148-5602-41C2-94CD-C0516E46578B}.Debug|x64.ActiveCfg = Debug|x64
		{2455A148-5602-41C2-94CD-C0516E46578B}.Debug|x64.Build.0 = Debug|x64
		{2455A148-5602-41C2-94CD-C0516E46578B}.Debug|x86.ActiveCfg = Debug|Win32
		{2455A148-5602-41C2-94CD-C0516E46578B}.Debug|x86.Build.0 = Debug|Win32
		{2455A148-5602-41C2-94CD-C0516E46578B}.Release|x64.ActiveCfg = Release|x64
		{2455A148-5602-41C2-94CD-C0516E46578B}.Release|x64.Build.0 = Release|x64
		{2455A148-5602-41C2-94CD-C0516E46578B}.Release|x86.ActiveCfg = Release|Win32
		{2455A148-5602-41C2-94CD-C0516E46578B}.Release|x86.Build.0 = Release|Win32
	EndGlobalSection
	GlobalSection(SolutionProperties) = preSolution
		HideSolutionNode = FALSE
	EndGlobalSection
	GlobalSection(NestedProjects) = preSolution
		{42D58646-C430-4806-8063-84CC0DA5E5E0} = {02EA681E-C7D8-13C7-8484-4AC65E1B71E8}
		{13322053-9930-4929-8900-88BB93940D83} = {02EA681E-C7D8-13C7-8484-4AC65E1B71E8}
		{961A2BAF-6C92-468C-B9B9-7D1615907604} = {02EA681E-C7D8-13C7-8484-4AC65E1B71E8}
		{D9D8AAFB-E0F4-49C0-BAB7-E440DEAC9E37} = {02EA681E-C7D8-13C7-8484-4AC65E1B71E8}
		{8C65F706-8AD1-4BAA-A860-06AA52AE20CB} = {02EA681E-C7D8-13C7-8484-4AC65E1B71E8}
		{9EBD63AB-05A9-4BE1-BBB9-62E31DC3B426} = {02EA681E-C7D8-13C7-8484-4AC65E1B71E8}
		{7F901FAB-A1B9-4A31-A44A-10D2FFBEB0C7} = {02EA681E-C7D8-13C7-8484-4AC65E1B71E8}
		{E0B010B0-F919-45F3-9947-5E0BCCE517F3} = {02EA681E-C7D8-13C7-8484-4AC65E1B71E8}
		{99DB85EE-EA4B-4344-93C9-BCF60F605DBE} = {02EA681E-C7D8-13C7-8484-4AC65E1B71E8}
		{FC6CB14A-38CD-46F6-8F69-066214ECF740} = {02EA681E-C7D8-13C7-8484-4AC65E1B71E8}
		{2EC84750-DA32-4468-81E9-F9B0F1FCC7DA} = {02EA681E-C7D8-13C7-8484-4AC65E1B71E8}
		{EC2438F3-EC8E-4770-8C84-71B30FF1EBD1} = {02EA681E-C7D8-13C7-8484-4AC65E1B71E8}
		{8B33ECAA-AD9E-42CC-8633-1F3FD97E13D5} = {02EA681E-C7D8-13C7-8484-4AC65E1B71E8}
		{E7BF2B49-43D4-4020-ADB1-F3FA194B9A30} = {02EA681E-C7D8-13C7-8484-4AC65E1B71E8}
		{2455A148-5602-41C2-94CD-C0516E46578B} = {CB408CAC-CA5C-4B31-A6AF-D630AD27A6AA}
	EndGlobalSection
	GlobalSection(ExtensibilityGlobals) = postSolution
		SolutionGuid = {117F03BE-8847-41FC-A06A-BA7173B93299}
	EndGlobalSection
EndGlobal
