<?xml version="1.0" encoding="utf-8"?>
<Project ToolsVersion="4.0" xmlns="http://schemas.microsoft.com/developer/msbuild/2003">
  <ItemGroup>
    <ClInclude Include="..\..\core\forceinclude\win64-release.h">
      <Filter>forceinclude</Filter>
    </ClInclude>
    <ClInclude Include="..\..\core\forceinclude\win64-debug.h">
      <Filter>forceinclude</Filter>
    </ClInclude>
  </ItemGroup>
  <ItemGroup>
    <Filter Include="forceinclude">
      <UniqueIdentifier>{48ba2887-48a9-4975-8728-7241e2870ea9}</UniqueIdentifier>
    </Filter>
  </ItemGroup>
</Project>